# This file was autogenerated by Stack.
# You should not edit this file by hand.
# For more information, please see the documentation at:
#   https://docs.haskellstack.org/en/stable/lock_files

packages:
- completed:
    hackage: openapi3-3.1.0@sha256:815236a5d92cc8b3bc3cbcbba5503bd39035ccaf517d21cd02f74795b9747ae5,4824
    pantry-tree:
      size: 2191
      sha256: b02f8fc5f43f4f1a0c18b25242669f45240ae0a160d484f92a190f49462acaf8
  original:
    hackage: openapi3-3.1.0@sha256:815236a5d92cc8b3bc3cbcbba5503bd39035ccaf517d21cd02f74795b9747ae5,4824
- completed:
    hackage: servant-0.18.3@sha256:0fbf8f9274bdfda6a778d6d7ec714c9f0abd17102af9bc002a93fe3ed284e8ca,5309
    pantry-tree:
      size: 2662
      sha256: 206f6289793fc25e4708e454ebb3e478710e8634017a47f05cff41a20b50a08b
  original:
    hackage: servant-0.18.3@sha256:0fbf8f9274bdfda6a778d6d7ec714c9f0abd17102af9bc002a93fe3ed284e8ca,5309
- completed:
    hackage: servant-openapi3-2.0.1.2@sha256:9e9a80e9543d74fd989d77b6be17463199b3900a5b45dba7472b986507247b5d,4888
    pantry-tree:
      size: 1637
      sha256: 7d2846875fa17d85c0588a783d7295fe5748023f032603306fc697944a81554f
  original:
    hackage: servant-openapi3-2.0.1.2@sha256:9e9a80e9543d74fd989d77b6be17463199b3900a5b45dba7472b986507247b5d,4888
- completed:
    hackage: servant-server-0.18.3@sha256:8040e38682d936a2c87ad2a787cc65b3bad18c87e9f773cf7bcfc12ce76af96e,5508
    pantry-tree:
      size: 2614
      sha256: 972459941ab4e8f83a44fce6172b61e9126727cb5bdad5d4d21c28907128917a
  original:
    hackage: servant-server-0.18.3@sha256:8040e38682d936a2c87ad2a787cc65b3bad18c87e9f773cf7bcfc12ce76af96e,5508
snapshots:
- completed:
    size: 586286
    url: https://raw.githubusercontent.com/commercialhaskell/stackage-snapshots/master/lts/18/16.yaml
    sha256: cdead65fca0323144b346c94286186f4969bf85594d649c49c7557295675d8a5
  original:
    url: https://raw.githubusercontent.com/commercialhaskell/stackage-snapshots/master/lts/18/16.yaml
